Microsoft Visual Studio Solution File, Format Version 11.00
# Visual Studio 2008

Project("{BC26EEA6-B313-228A-601B-E0E05F0BA61C}") = "Beta1.0", "Assembly-CSharp-firstpass.csproj", "{9FA4E6FC-AB19-1FBE-14DA-4C28624BF543}"
EndProject
Project("{BC26EEA6-B313-228A-601B-E0E05F0BA61C}") = "Beta1.0", "Assembly-CSharp.csproj", "{5F5797CB-7E5A-B50E-0171-6EBC613E6363}"
EndProject
Project("{BC26EEA6-B313-228A-601B-E0E05F0BA61C}") = "Beta1.0", "Assembly-CSharp-Editor.csproj", "{ED3EED21-447F-8AAF-FA23-6E13FCED48A9}"
EndProject
Project("{BC26EEA6-B313-228A-601B-E0E05F0BA61C}") = "Beta1.0", "Assembly-UnityScript-firstpass.unityproj", "{17F7E6C2-80BD-453D-161F-285351B71D17}"
EndProject
Project("{BC26EEA6-B313-228A-601B-E0E05F0BA61C}") = "Beta1.0", "Assembly-UnityScript.unityproj", "{A64FCA0D-28F1-8CA3-5CA1-BA3FD5A45B2B}"
EndProject
Global
	GlobalSection(SolutionConfigurationPlatforms) = preSolution
		Debug|Any CPU = Debug|Any CPU
		Release|Any CPU = Release|Any CPU
	EndGlobalSection
	GlobalSection(ProjectConfigurationPlatforms) = postSolution
		{9FA4E6FC-AB19-1FBE-14DA-4C28624BF543}.Debug|Any CPU.ActiveCfg = Debug|Any CPU
		{9FA4E6FC-AB19-1FBE-14DA-4C28624BF543}.Debug|Any CPU.Build.0 = Debug|Any CPU
		{9FA4E6FC-AB19-1FBE-14DA-4C28624BF543}.Release|Any CPU.ActiveCfg = Release|Any CPU
		{9FA4E6FC-AB19-1FBE-14DA-4C28624BF543}.Release|Any CPU.Build.0 = Release|Any CPU
		{5F5797CB-7E5A-B50E-0171-6EBC613E6363}.Debug|Any CPU.ActiveCfg = Debug|Any CPU
		{5F5797CB-7E5A-B50E-0171-6EBC613E6363}.Debug|Any CPU.Build.0 = Debug|Any CPU
		{5F5797CB-7E5A-B50E-0171-6EBC613E6363}.Release|Any CPU.ActiveCfg = Release|Any CPU
		{5F5797CB-7E5A-B50E-0171-6EBC613E6363}.Release|Any CPU.Build.0 = Release|Any CPU
		{ED3EED21-447F-8AAF-FA23-6E13FCED48A9}.Debug|Any CPU.ActiveCfg = Debug|Any CPU
		{ED3EED21-447F-8AAF-FA23-6E13FCED48A9}.Debug|Any CPU.Build.0 = Debug|Any CPU
		{ED3EED21-447F-8AAF-FA23-6E13FCED48A9}.Release|Any CPU.ActiveCfg = Release|Any CPU
		{ED3EED21-447F-8AAF-FA23-6E13FCED48A9}.Release|Any CPU.Build.0 = Release|Any CPU
		{17F7E6C2-80BD-453D-161F-285351B71D17}.Debug|Any CPU.ActiveCfg = Debug|Any CPU
		{17F7E6C2-80BD-453D-161F-285351B71D17}.Debug|Any CPU.Build.0 = Debug|Any CPU
		{17F7E6C2-80BD-453D-161F-285351B71D17}.Release|Any CPU.ActiveCfg = Release|Any CPU
		{17F7E6C2-80BD-453D-161F-285351B71D17}.Release|Any CPU.Build.0 = Release|Any CPU
		{A64FCA0D-28F1-8CA3-5CA1-BA3FD5A45B2B}.Debug|Any CPU.ActiveCfg = Debug|Any CPU
		{A64FCA0D-28F1-8CA3-5CA1-BA3FD5A45B2B}.Debug|Any CPU.Build.0 = Debug|Any CPU
		{A64FCA0D-28F1-8CA3-5CA1-BA3FD5A45B2B}.Release|Any CPU.ActiveCfg = Release|Any CPU
		{A64FCA0D-28F1-8CA3-5CA1-BA3FD5A45B2B}.Release|Any CPU.Build.0 = Release|Any CPU
	EndGlobalSection
	GlobalSection(SolutionProperties) = preSolution
		HideSolutionNode = FALSE
	EndGlobalSection
											GlobalSection(MonoDevelopProperties) = preSolution
		StartupItem = Assembly-CSharp.csproj
		Policies = $0
		$0.TextStylePolicy = $1
		$1.inheritsSet = null
		$1.scope = text/x-csharp
		$0.CSharpFormattingPolicy = $2
		$2.inheritsSet = Mono
		$2.inheritsScope = text/x-csharp
		$2.scope = text/x-csharp
		$0.TextStylePolicy = $3
		$3.FileWidth = 120
		$3.TabWidth = 4
		$3.EolMarker = Unix
		$3.inheritsSet = Mono
		$3.inheritsScope = text/plain
		$3.scope = text/plain
	EndGlobalSection

EndGlobal
