Microsoft Visual Studio Solution File, Format Version 11.00
# Visual Studio 2008

Project("{799C1981-53A6-E391-8328-B97E890E5A2A}") = "Beta1.4.1", "Assembly-CSharp-firstpass.csproj", "{627D7656-D549-1335-2EDF-6C55BC5DAA66}"
EndProject
Project("{799C1981-53A6-E391-8328-B97E890E5A2A}") = "Beta1.4.1", "Assembly-CSharp.csproj", "{5806388D-A5E1-99B5-BC77-9460609A11A2}"
EndProject
Project("{799C1981-53A6-E391-8328-B97E890E5A2A}") = "Beta1.4.1", "Assembly-UnityScript-firstpass.unityproj", "{7133335B-BFFD-84E5-DE91-E5AF9DD7F87B}"
EndProject
Project("{799C1981-53A6-E391-8328-B97E890E5A2A}") = "Beta1.4.1", "Assembly-UnityScript.unityproj", "{C4120659-D3FE-E500-4106-81EEB8684BDD}"
EndProject
Global
	GlobalSection(SolutionConfigurationPlatforms) = preSolution
		Debug|Any CPU = Debug|Any CPU
		Release|Any CPU = Release|Any CPU
	EndGlobalSection
	GlobalSection(ProjectConfigurationPlatforms) = postSolution
		{627D7656-D549-1335-2EDF-6C55BC5DAA66}.Debug|Any CPU.ActiveCfg = Debug|Any CPU
		{627D7656-D549-1335-2EDF-6C55BC5DAA66}.Debug|Any CPU.Build.0 = Debug|Any CPU
		{627D7656-D549-1335-2EDF-6C55BC5DAA66}.Release|Any CPU.ActiveCfg = Release|Any CPU
		{627D7656-D549-1335-2EDF-6C55BC5DAA66}.Release|Any CPU.Build.0 = Release|Any CPU
		{5806388D-A5E1-99B5-BC77-9460609A11A2}.Debug|Any CPU.ActiveCfg = Debug|Any CPU
		{5806388D-A5E1-99B5-BC77-9460609A11A2}.Debug|Any CPU.Build.0 = Debug|Any CPU
		{5806388D-A5E1-99B5-BC77-9460609A11A2}.Release|Any CPU.ActiveCfg = Release|Any CPU
		{5806388D-A5E1-99B5-BC77-9460609A11A2}.Release|Any CPU.Build.0 = Release|Any CPU
		{7133335B-BFFD-84E5-DE91-E5AF9DD7F87B}.Debug|Any CPU.ActiveCfg = Debug|Any CPU
		{7133335B-BFFD-84E5-DE91-E5AF9DD7F87B}.Debug|Any CPU.Build.0 = Debug|Any CPU
		{7133335B-BFFD-84E5-DE91-E5AF9DD7F87B}.Release|Any CPU.ActiveCfg = Release|Any CPU
		{7133335B-BFFD-84E5-DE91-E5AF9DD7F87B}.Release|Any CPU.Build.0 = Release|Any CPU
		{C4120659-D3FE-E500-4106-81EEB8684BDD}.Debug|Any CPU.ActiveCfg = Debug|Any CPU
		{C4120659-D3FE-E500-4106-81EEB8684BDD}.Debug|Any CPU.Build.0 = Debug|Any CPU
		{C4120659-D3FE-E500-4106-81EEB8684BDD}.Release|Any CPU.ActiveCfg = Release|Any CPU
		{C4120659-D3FE-E500-4106-81EEB8684BDD}.Release|Any CPU.Build.0 = Release|Any CPU
	EndGlobalSection
	GlobalSection(SolutionProperties) = preSolution
		HideSolutionNode = FALSE
	EndGlobalSection
	GlobalSection(MonoDevelopProperties) = preSolution
		StartupItem = Assembly-CSharp.csproj
		Policies = $0
		$0.TextStylePolicy = $1
		$1.inheritsSet = null
		$1.scope = text/x-csharp
		$0.CSharpFormattingPolicy = $2
		$2.inheritsSet = Mono
		$2.inheritsScope = text/x-csharp
		$2.scope = text/x-csharp
		$0.TextStylePolicy = $3
		$3.FileWidth = 120
		$3.TabWidth = 4
		$3.EolMarker = Unix
		$3.inheritsSet = Mono
		$3.inheritsScope = text/plain
		$3.scope = text/plain
	EndGlobalSection
EndGlobal
