Microsoft Visual Studio Solution File, Format Version 11.00
# Visual Studio 2008

Project("{9547B2F4-3A0C-34AA-3C04-7BD319E3DC12}") = "Beta1.4.5", "Assembly-CSharp-firstpass-vs.csproj", "{86E6097C-05F0-9E24-9F8D-3B22100C2638}"
EndProject
Project("{9547B2F4-3A0C-34AA-3C04-7BD319E3DC12}") = "Beta1.4.5", "Assembly-CSharp-vs.csproj", "{E0CC9DE0-BB06-829D-B26D-F018ABCBF468}"
EndProject
Global
	GlobalSection(SolutionConfigurationPlatforms) = preSolution
		Debug|Any CPU = Debug|Any CPU
		Release|Any CPU = Release|Any CPU
	EndGlobalSection
	GlobalSection(ProjectConfigurationPlatforms) = postSolution
		{86E6097C-05F0-9E24-9F8D-3B22100C2638}.Debug|Any CPU.ActiveCfg = Debug|Any CPU
		{86E6097C-05F0-9E24-9F8D-3B22100C2638}.Debug|Any CPU.Build.0 = Debug|Any CPU
		{86E6097C-05F0-9E24-9F8D-3B22100C2638}.Release|Any CPU.ActiveCfg = Release|Any CPU
		{86E6097C-05F0-9E24-9F8D-3B22100C2638}.Release|Any CPU.Build.0 = Release|Any CPU
		{E0CC9DE0-BB06-829D-B26D-F018ABCBF468}.Debug|Any CPU.ActiveCfg = Debug|Any CPU
		{E0CC9DE0-BB06-829D-B26D-F018ABCBF468}.Debug|Any CPU.Build.0 = Debug|Any CPU
		{E0CC9DE0-BB06-829D-B26D-F018ABCBF468}.Release|Any CPU.ActiveCfg = Release|Any CPU
		{E0CC9DE0-BB06-829D-B26D-F018ABCBF468}.Release|Any CPU.Build.0 = Release|Any CPU
	EndGlobalSection
	GlobalSection(SolutionProperties) = preSolution
		HideSolutionNode = FALSE
	EndGlobalSection
																																																					GlobalSection(MonoDevelopProperties) = preSolution
		StartupItem = Assembly-CSharp.csproj
		Policies = $0
		$0.TextStylePolicy = $1
		$1.inheritsSet = null
		$1.scope = text/x-csharp
		$0.CSharpFormattingPolicy = $2
		$2.inheritsSet = Mono
		$2.inheritsScope = text/x-csharp
		$2.scope = text/x-csharp
		$0.TextStylePolicy = $3
		$3.FileWidth = 120
		$3.TabWidth = 4
		$3.EolMarker = Unix
		$3.inheritsSet = Mono
		$3.inheritsScope = text/plain
		$3.scope = text/plain
	EndGlobalSection

EndGlobal
